
Microsoft Visual Studio Solution File, Format Version 12.00
# Visual Studio Version 16
VisualStudioVersion = 16.0.32510.428
MinimumVisualStudioVersion = 10.0.40219.1
Project("{FAE04EC0-301F-11D3-BF4B-00C04F79EFBC}") = "TiendaZapatos", "TiendaZapatos\TiendaZapatos.csproj", "{A21B6DB5-6263-423E-B41A-01606AEF2E8F}"
EndProject
Project("{FAE04EC0-301F-11D3-BF4B-00C04F79EFBC}") = "CapaAccesoDatos", "CapaAccesoDatos\CapaAccesoDatos.csproj", "{96B895D1-1D06-4D7C-824A-F1650E84E250}"
EndProject
Project("{FAE04EC0-301F-11D3-BF4B-00C04F79EFBC}") = "CapaEntidades", "CapaEntidades\CapaEntidades.csproj", "{882F63A1-DDD4-45AC-B2C0-45EBDD073143}"
EndProject
Project("{FAE04EC0-301F-11D3-BF4B-00C04F79EFBC}") = "CapaLogicaNegocio", "CapaLogicaNegocio\CapaLogicaNegocio.csproj", "{A96044F8-214D-4A18-9CF2-6573C9C5193F}"
EndProject
Global
	GlobalSection(SolutionConfigurationPlatforms) = preSolution
		Debug|Any CPU = Debug|Any CPU
		Release|Any CPU = Release|Any CPU
	EndGlobalSection
	GlobalSection(ProjectConfigurationPlatforms) = postSolution
		{A21B6DB5-6263-423E-B41A-01606AEF2E8F}.Debug|Any CPU.ActiveCfg = Debug|Any CPU
		{A21B6DB5-6263-423E-B41A-01606AEF2E8F}.Debug|Any CPU.Build.0 = Debug|Any CPU
		{A21B6DB5-6263-423E-B41A-01606AEF2E8F}.Release|Any CPU.ActiveCfg = Release|Any CPU
		{A21B6DB5-6263-423E-B41A-01606AEF2E8F}.Release|Any CPU.Build.0 = Release|Any CPU
		{96B895D1-1D06-4D7C-824A-F1650E84E250}.Debug|Any CPU.ActiveCfg = Debug|Any CPU
		{96B895D1-1D06-4D7C-824A-F1650E84E250}.Debug|Any CPU.Build.0 = Debug|Any CPU
		{96B895D1-1D06-4D7C-824A-F1650E84E250}.Release|Any CPU.ActiveCfg = Release|Any CPU
		{96B895D1-1D06-4D7C-824A-F1650E84E250}.Release|Any CPU.Build.0 = Release|Any CPU
		{882F63A1-DDD4-45AC-B2C0-45EBDD073143}.Debug|Any CPU.ActiveCfg = Debug|Any CPU
		{882F63A1-DDD4-45AC-B2C0-45EBDD073143}.Debug|Any CPU.Build.0 = Debug|Any CPU
		{882F63A1-DDD4-45AC-B2C0-45EBDD073143}.Release|Any CPU.ActiveCfg = Release|Any CPU
		{882F63A1-DDD4-45AC-B2C0-45EBDD073143}.Release|Any CPU.Build.0 = Release|Any CPU
		{A96044F8-214D-4A18-9CF2-6573C9C5193F}.Debug|Any CPU.ActiveCfg = Debug|Any CPU
		{A96044F8-214D-4A18-9CF2-6573C9C5193F}.Debug|Any CPU.Build.0 = Debug|Any CPU
		{A96044F8-214D-4A18-9CF2-6573C9C5193F}.Release|Any CPU.ActiveCfg = Release|Any CPU
		{A96044F8-214D-4A18-9CF2-6573C9C5193F}.Release|Any CPU.Build.0 = Release|Any CPU
	EndGlobalSection
	GlobalSection(SolutionProperties) = preSolution
		HideSolutionNode = FALSE
	EndGlobalSection
	GlobalSection(ExtensibilityGlobals) = postSolution
		SolutionGuid = {B7D3E451-859C-4066-950D-D62667588D12}
	EndGlobalSection
EndGlobal
